
Microsoft Visual Studio Solution File, Format Version 12.00
# Visual Studio 15
VisualStudioVersion = 15.0.28010.2016
MinimumVisualStudioVersion = 10.0.40219.1
Project("{FAE04EC0-301F-11D3-BF4B-00C04F79EFBC}") = "Eshopping", "Eshopping\Eshopping.csproj", "{BC31DDFB-0AFF-4D30-9649-A1662FC06025}"
EndProject
Global
	GlobalSection(SolutionConfigurationPlatforms) = preSolution
		Debug|Any CPU = Debug|Any CPU
		Release|Any CPU = Release|Any CPU
	EndGlobalSection
	GlobalSection(ProjectConfigurationPlatforms) = postSolution
		{BC31DDFB-0AFF-4D30-9649-A1662FC06025}.Debug|Any CPU.ActiveCfg = Debug|Any CPU
		{BC31DDFB-0AFF-4D30-9649-A1662FC06025}.Debug|Any CPU.Build.0 = Debug|Any CPU
		{BC31DDFB-0AFF-4D30-9649-A1662FC06025}.Release|Any CPU.ActiveCfg = Release|Any CPU
		{BC31DDFB-0AFF-4D30-9649-A1662FC06025}.Release|Any CPU.Build.0 = Release|Any CPU
	EndGlobalSection
	GlobalSection(SolutionProperties) = preSolution
		HideSolutionNode = FALSE
	EndGlobalSection
	GlobalSection(ExtensibilityGlobals) = postSolution
		SolutionGuid = {2BF35239-2F41-44D4-A935-9818D29FEDEC}
	EndGlobalSection
EndGlobal
